
Microsoft Visual Studio Solution File, Format Version 12.00
# Visual Studio Version 17
VisualStudioVersion = 17.13.35806.99 d17.13
MinimumVisualStudioVersion = 10.0.40219.1
Project("{FAE04EC0-301F-11D3-BF4B-00C04F79EFBC}") = "agendaDeContatos", "agendaDeContatos\agendaDeContatos.csproj", "{B6D30AAD-0118-423A-85F5-1CC5FA4C7856}"
EndProject
Global
	GlobalSection(SolutionConfigurationPlatforms) = preSolution
		Debug|Any CPU = Debug|Any CPU
		Release|Any CPU = Release|Any CPU
	EndGlobalSection
	GlobalSection(ProjectConfigurationPlatforms) = postSolution
		{B6D30AAD-0118-423A-85F5-1CC5FA4C7856}.Debug|Any CPU.ActiveCfg = Debug|Any CPU
		{B6D30AAD-0118-423A-85F5-1CC5FA4C7856}.Debug|Any CPU.Build.0 = Debug|Any CPU
		{B6D30AAD-0118-423A-85F5-1CC5FA4C7856}.Release|Any CPU.ActiveCfg = Release|Any CPU
		{B6D30AAD-0118-423A-85F5-1CC5FA4C7856}.Release|Any CPU.Build.0 = Release|Any CPU
	EndGlobalSection
	GlobalSection(SolutionProperties) = preSolution
		HideSolutionNode = FALSE
	EndGlobalSection
	GlobalSection(ExtensibilityGlobals) = postSolution
		SolutionGuid = {57A4DE2E-C2B3-47B1-9D23-193D68197E8D}
	EndGlobalSection
EndGlobal
